
Microsoft Visual Studio Solution File, Format Version 12.00
# Visual Studio Version 16
VisualStudioVersion = 16.0.31129.286
MinimumVisualStudioVersion = 10.0.40219.1
Project("{FAE04EC0-301F-11D3-BF4B-00C04F79EFBC}") = "Kargotakip", "Kargotakip\Kargotakip.csproj", "{0F253A6E-1E64-4E8C-A2E3-231CF1D9756D}"
EndProject
Project("{FAE04EC0-301F-11D3-BF4B-00C04F79EFBC}") = "Classyapisi", "Classyapisi\Classyapisi.csproj", "{8CA3BF3F-77DA-46C4-8C3D-407C9CFBF938}"
EndProject
Global
	GlobalSection(SolutionConfigurationPlatforms) = preSolution
		Debug|Any CPU = Debug|Any CPU
		Release|Any CPU = Release|Any CPU
	EndGlobalSection
	GlobalSection(ProjectConfigurationPlatforms) = postSolution
		{0F253A6E-1E64-4E8C-A2E3-231CF1D9756D}.Debug|Any CPU.ActiveCfg = Debug|Any CPU
		{0F253A6E-1E64-4E8C-A2E3-231CF1D9756D}.Debug|Any CPU.Build.0 = Debug|Any CPU
		{0F253A6E-1E64-4E8C-A2E3-231CF1D9756D}.Release|Any CPU.ActiveCfg = Release|Any CPU
		{0F253A6E-1E64-4E8C-A2E3-231CF1D9756D}.Release|Any CPU.Build.0 = Release|Any CPU
		{8CA3BF3F-77DA-46C4-8C3D-407C9CFBF938}.Debug|Any CPU.ActiveCfg = Debug|Any CPU
		{8CA3BF3F-77DA-46C4-8C3D-407C9CFBF938}.Debug|Any CPU.Build.0 = Debug|Any CPU
		{8CA3BF3F-77DA-46C4-8C3D-407C9CFBF938}.Release|Any CPU.ActiveCfg = Release|Any CPU
		{8CA3BF3F-77DA-46C4-8C3D-407C9CFBF938}.Release|Any CPU.Build.0 = Release|Any CPU
	EndGlobalSection
	GlobalSection(SolutionProperties) = preSolution
		HideSolutionNode = FALSE
	EndGlobalSection
	GlobalSection(ExtensibilityGlobals) = postSolution
		SolutionGuid = {A773111B-6810-4713-8BA8-542AB8B1A452}
	EndGlobalSection
EndGlobal
